
Microsoft Visual Studio Solution File, Format Version 12.00
# Visual Studio Version 17
VisualStudioVersion = 17.7.34031.279
MinimumVisualStudioVersion = 10.0.40219.1
Project("{FAE04EC0-301F-11D3-BF4B-00C04F79EFBC}") = "RK.Book", "RK.Book\RK.Book.csproj", "{20F9EB66-5FC1-425B-B335-1A9C7132B778}"
EndProject
Global
	GlobalSection(SolutionConfigurationPlatforms) = preSolution
		Debug|Any CPU = Debug|Any CPU
		Release|Any CPU = Release|Any CPU
	EndGlobalSection
	GlobalSection(ProjectConfigurationPlatforms) = postSolution
		{20F9EB66-5FC1-425B-B335-1A9C7132B778}.Debug|Any CPU.ActiveCfg = Debug|Any CPU
		{20F9EB66-5FC1-425B-B335-1A9C7132B778}.Debug|Any CPU.Build.0 = Debug|Any CPU
		{20F9EB66-5FC1-425B-B335-1A9C7132B778}.Release|Any CPU.ActiveCfg = Release|Any CPU
		{20F9EB66-5FC1-425B-B335-1A9C7132B778}.Release|Any CPU.Build.0 = Release|Any CPU
	EndGlobalSection
	GlobalSection(SolutionProperties) = preSolution
		HideSolutionNode = FALSE
	EndGlobalSection
	GlobalSection(ExtensibilityGlobals) = postSolution
		SolutionGuid = {5347D53E-270F-43D5-BF30-06F775805D50}
	EndGlobalSection
EndGlobal
